
Microsoft Visual Studio Solution File, Format Version 12.00
# Visual Studio Version 17
VisualStudioVersion = 17.14.36327.8
MinimumVisualStudioVersion = 10.0.40219.1
Project("{FAE04EC0-301F-11D3-BF4B-00C04F79EFBC}") = "CatGame", "CatGame\CatGame.csproj", "{8A16AE3C-F531-44E7-9743-625F6C6E155B}"
EndProject
Project("{2150E333-8FDC-42A3-9474-1A3956D46DE8}") = "SolutionItems", "SolutionItems", "{02EA681E-C7D8-13C7-8484-4AC65E1B71E8}"
	ProjectSection(SolutionItems) = preProject
		.editorconfig = .editorconfig
		.gitignore = .gitignore
		README.md = README.md
	EndProjectSection
EndProject
Global
	GlobalSection(SolutionConfigurationPlatforms) = preSolution
		Debug|Any CPU = Debug|Any CPU
		Release|Any CPU = Release|Any CPU
	EndGlobalSection
	GlobalSection(ProjectConfigurationPlatforms) = postSolution
		{8A16AE3C-F531-44E7-9743-625F6C6E155B}.Debug|Any CPU.ActiveCfg = Debug|Any CPU
		{8A16AE3C-F531-44E7-9743-625F6C6E155B}.Debug|Any CPU.Build.0 = Debug|Any CPU
		{8A16AE3C-F531-44E7-9743-625F6C6E155B}.Release|Any CPU.ActiveCfg = Release|Any CPU
		{8A16AE3C-F531-44E7-9743-625F6C6E155B}.Release|Any CPU.Build.0 = Release|Any CPU
	EndGlobalSection
	GlobalSection(SolutionProperties) = preSolution
		HideSolutionNode = FALSE
	EndGlobalSection
	GlobalSection(ExtensibilityGlobals) = postSolution
		SolutionGuid = {41E44F20-2AA4-4715-961C-1E09DE11CA4A}
	EndGlobalSection
EndGlobal
